// !$*UTF8*$!
{
	archiveVersion = 1;
	classes = {
	};
	objectVersion = 50;
	objects = {

/* Begin PBXBuildFile section */
		FA7F473526C66AA600D0879C /* AppDelegate.swift in Sources */ = {isa = PBXBuildFile; fileRef = FA7F473426C66AA600D0879C /* AppDelegate.swift */; };
		FA7F473726C66AA600D0879C /* SceneDelegate.swift in Sources */ = {isa = PBXBuildFile; fileRef = FA7F473626C66AA600D0879C /* SceneDelegate.swift */; };
		FA7F473926C66AA600D0879C /* CalculateViewController.swift in Sources */ = {isa = PBXBuildFile; fileRef = FA7F473826C66AA600D0879C /* CalculateViewController.swift */; };
		FA7F473C26C66AA600D0879C /* Main.storyboard in Resources */ = {isa = PBXBuildFile; fileRef = FA7F473A26C66AA600D0879C /* Main.storyboard */; };
		FA7F473E26C66AA700D0879C /* Assets.xcassets in Resources */ = {isa = PBXBuildFile; fileRef = FA7F473D26C66AA700D0879C /* Assets.xcassets */; };
		FA7F474126C66AA700D0879C /* LaunchScreen.storyboard in Resources */ = {isa = PBXBuildFile; fileRef = FA7F473F26C66AA700D0879C /* LaunchScreen.storyboard */; };
		FA7F474E26C66B9300D0879C /* ResultsViewController.swift in Sources */ = {isa = PBXBuildFile; fileRef = FA7F474D26C66B9300D0879C /* ResultsViewController.swift */; };
		FA7F475026C66D3500D0879C /* BMI.swift in Sources */ = {isa = PBXBuildFile; fileRef = FA7F474F26C66D3500D0879C /* BMI.swift */; };
		FA7F475226C66D5800D0879C /* CalculatorBrain.swift in Sources */ = {isa = PBXBuildFile; fileRef = FA7F475126C66D5800D0879C /* CalculatorBrain.swift */; };
/* End PBXBuildFile section */

/* Begin PBXFileReference section */
		FA7F473126C66AA600D0879C /* BMI Calculator.app */ = {isa = PBXFileReference; explicitFileType = wrapper.application; includeInIndex = 0; path = "BMI Calculator.app"; sourceTree = BUILT_PRODUCTS_DIR; };
		FA7F473426C66AA600D0879C /* AppDelegate.swift */ = {isa = PBXFileReference; lastKnownFileType = sourcecode.swift; path = AppDelegate.swift; sourceTree = "<group>"; };
		FA7F473626C66AA600D0879C /* SceneDelegate.swift */ = {isa = PBXFileReference; lastKnownFileType = sourcecode.swift; path = SceneDelegate.swift; sourceTree = "<group>"; };
		FA7F473826C66AA600D0879C /* CalculateViewController.swift */ = {isa = PBXFileReference; lastKnownFileType = sourcecode.swift; path = CalculateViewController.swift; sourceTree = "<group>"; };
		FA7F473B26C66AA600D0879C /* Base */ = {isa = PBXFileReference; lastKnownFileType = file.storyboard; name = Base; path = Base.lproj/Main.storyboard; sourceTree = "<group>"; };
		FA7F473D26C66AA700D0879C /* Assets.xcassets */ = {isa = PBXFileReference; lastKnownFileType = folder.assetcatalog; path = Assets.xcassets; sourceTree = "<group>"; };
		FA7F474026C66AA700D0879C /* Base */ = {isa = PBXFileReference; lastKnownFileType = file.storyboard; name = Base; path = Base.lproj/LaunchScreen.storyboard; sourceTree = "<group>"; };
		FA7F474226C66AA700D0879C /* Info.plist */ = {isa = PBXFileReference; lastKnownFileType = text.plist.xml; path = Info.plist; sourceTree = "<group>"; };
		FA7F474D26C66B9300D0879C /* ResultsViewController.swift */ = {isa = PBXFileReference; lastKnownFileType = sourcecode.swift; path = ResultsViewController.swift; sourceTree = "<group>"; };
		FA7F474F26C66D3500D0879C /* BMI.swift */ = {isa = PBXFileReference; lastKnownFileType = sourcecode.swift; path = BMI.swift; sourceTree = "<group>"; };
		FA7F475126C66D5800D0879C /* CalculatorBrain.swift */ = {isa = PBXFileReference; lastKnownFileType = sourcecode.swift; path = CalculatorBrain.swift; sourceTree = "<group>"; };
/* End PBXFileReference section */

/* Begin PBXFrameworksBuildPhase section */
		FA7F472E26C66AA600D0879C /* Frameworks */ = {
			isa = PBXFrameworksBuildPhase;
			buildActionMask = 2147483647;
			files = (
			);
			runOnlyForDeploymentPostprocessing = 0;
		};
/* End PBXFrameworksBuildPhase section */

/* Begin PBXGroup section */
		FA7F472826C66AA600D0879C = {
			isa = PBXGroup;
			children = (
				FA7F473326C66AA600D0879C /* BMI Calculator */,
				FA7F473226C66AA600D0879C /* Products */,
			);
			sourceTree = "<group>";
		};
		FA7F473226C66AA600D0879C /* Products */ = {
			isa = PBXGroup;
			children = (
				FA7F473126C66AA600D0879C /* BMI Calculator.app */,
			);
			name = Products;
			sourceTree = "<group>";
		};
		FA7F473326C66AA600D0879C /* BMI Calculator */ = {
			isa = PBXGroup;
			children = (
				FA7F473426C66AA600D0879C /* AppDelegate.swift */,
				FA7F473626C66AA600D0879C /* SceneDelegate.swift */,
				FA7F474826C66B0900D0879C /* Models */,
				FA7F474926C66B0F00D0879C /* Views */,
				FA7F474A26C66B1500D0879C /* Controllers */,
				FA7F473D26C66AA700D0879C /* Assets.xcassets */,
				FA7F473F26C66AA700D0879C /* LaunchScreen.storyboard */,
				FA7F474226C66AA700D0879C /* Info.plist */,
			);
			path = "BMI Calculator";
			sourceTree = "<group>";
		};
		FA7F474826C66B0900D0879C /* Models */ = {
			isa = PBXGroup;
			children = (
				FA7F474F26C66D3500D0879C /* BMI.swift */,
				FA7F475126C66D5800D0879C /* CalculatorBrain.swift */,
			);
			path = Models;
			sourceTree = "<group>";
		};
		FA7F474926C66B0F00D0879C /* Views */ = {
			isa = PBXGroup;
			children = (
				FA7F473A26C66AA600D0879C /* Main.storyboard */,
			);
			path = Views;
			sourceTree = "<group>";
		};
		FA7F474A26C66B1500D0879C /* Controllers */ = {
			isa = PBXGroup;
			children = (
				FA7F473826C66AA600D0879C /* CalculateViewController.swift */,
				FA7F474D26C66B9300D0879C /* ResultsViewController.swift */,
			);
			path = Controllers;
			sourceTree = "<group>";
		};
/* End PBXGroup section */

/* Begin PBXNativeTarget section */
		FA7F473026C66AA600D0879C /* BMI Calculator */ = {
			isa = PBXNativeTarget;
			buildConfigurationList = FA7F474526C66AA700D0879C /* Build configuration list for PBXNativeTarget "BMI Calculator" */;
			buildPhases = (
				FA7F472D26C66AA600D0879C /* Sources */,
				FA7F472E26C66AA600D0879C /* Frameworks */,
				FA7F472F26C66AA600D0879C /* Resources */,
			);
			buildRules = (
			);
			dependencies = (
			);
			name = "BMI Calculator";
			productName = "BMI Calculator";
			productReference = FA7F473126C66AA600D0879C /* BMI Calculator.app */;
			productType = "com.apple.product-type.application";
		};
/* End PBXNativeTarget section */

/* Begin PBXProject section */
		FA7F472926C66AA600D0879C /* Project object */ = {
			isa = PBXProject;
			attributes = {
				LastSwiftUpdateCheck = 1250;
				LastUpgradeCheck = 1250;
				TargetAttributes = {
					FA7F473026C66AA600D0879C = {
						CreatedOnToolsVersion = 12.5.1;
					};
				};
			};
			buildConfigurationList = FA7F472C26C66AA600D0879C /* Build configuration list for PBXProject "BMI Calculator" */;
			compatibilityVersion = "Xcode 9.3";
			developmentRegion = en;
			hasScannedForEncodings = 0;
			knownRegions = (
				en,
				Base,
			);
			mainGroup = FA7F472826C66AA600D0879C;
			productRefGroup = FA7F473226C66AA600D0879C /* Products */;
			projectDirPath = "";
			projectRoot = "";
			targets = (
				FA7F473026C66AA600D0879C /* BMI Calculator */,
			);
		};
/* End PBXProject section */

/* Begin PBXResourcesBuildPhase section */
		FA7F472F26C66AA600D0879C /* Resources */ = {
			isa = PBXResourcesBuildPhase;
			buildActionMask = 2147483647;
			files = (
				FA7F474126C66AA700D0879C /* LaunchScreen.storyboard in Resources */,
				FA7F473E26C66AA700D0879C /* Assets.xcassets in Resources */,
				FA7F473C26C66AA600D0879C /* Main.storyboard in Resources */,
			);
			runOnlyForDeploymentPostprocessing = 0;
		};
/* End PBXResourcesBuildPhase section */

/* Begin PBXSourcesBuildPhase section */
		FA7F472D26C66AA600D0879C /* Sources */ = {
			isa = PBXSourcesBuildPhase;
			buildActionMask = 2147483647;
			files = (
				FA7F475226C66D5800D0879C /* CalculatorBrain.swift in Sources */,
				FA7F475026C66D3500D0879C /* BMI.swift in Sources */,
				FA7F473926C66AA600D0879C /* CalculateViewController.swift in Sources */,
				FA7F473526C66AA600D0879C /* AppDelegate.swift in Sources */,
				FA7F473726C66AA600D0879C /* SceneDelegate.swift in Sources */,
				FA7F474E26C66B9300D0879C /* ResultsViewController.swift in Sources */,
			);
			runOnlyForDeploymentPostprocessing = 0;
		};
/* End PBXSourcesBuildPhase section */

/* Begin PBXVariantGroup section */
		FA7F473A26C66AA600D0879C /* Main.storyboard */ = {
			isa = PBXVariantGroup;
			children = (
				FA7F473B26C66AA600D0879C /* Base */,
			);
			name = Main.storyboard;
			sourceTree = "<group>";
		};
		FA7F473F26C66AA700D0879C /* LaunchScreen.storyboard */ = {
			isa = PBXVariantGroup;
			children = (
				FA7F474026C66AA700D0879C /* Base */,
			);
			name = LaunchScreen.storyboard;
			sourceTree = "<group>";
		};
/* End PBXVariantGroup section */

/* Begin XCBuildConfiguration section */
		FA7F474326C66AA700D0879C /* Debug */ = {
			isa = XCBuildConfiguration;
			buildSettings = {
				ALWAYS_SEARCH_USER_PATHS = NO;
				CLANG_ANALYZER_NONNULL = YES;
				CLANG_ANALYZER_NUMBER_OBJECT_CONVERSION = YES_AGGRESSIVE;
				CLANG_CXX_LANGUAGE_STANDARD = "gnu++14";
				CLANG_CXX_LIBRARY = "libc++";
				CLANG_ENABLE_MODULES = YES;
				CLANG_ENABLE_OBJC_ARC = YES;
				CLANG_ENABLE_OBJC_WEAK = YES;
				CLANG_WARN_BLOCK_CAPTURE_AUTORELEASING = YES;
				CLANG_WARN_BOOL_CONVERSION = YES;
				CLANG_WARN_COMMA = YES;
				CLANG_WARN_CONSTANT_CONVERSION = YES;
				CLANG_WARN_DEPRECATED_OBJC_IMPLEMENTATIONS = YES;
				CLANG_WARN_DIRECT_OBJC_ISA_USAGE = YES_ERROR;
				CLANG_WARN_DOCUMENTATION_COMMENTS = YES;
				CLANG_WARN_EMPTY_BODY = YES;
				CLANG_WARN_ENUM_CONVERSION = YES;
				CLANG_WARN_INFINITE_RECURSION = YES;
				CLANG_WARN_INT_CONVERSION = YES;
				CLANG_WARN_NON_LITERAL_NULL_CONVERSION = YES;
				CLANG_WARN_OBJC_IMPLICIT_RETAIN_SELF = YES;
				CLANG_WARN_OBJC_LITERAL_CONVERSION = YES;
				CLANG_WARN_OBJC_ROOT_CLASS = YES_ERROR;
				CLANG_WARN_QUOTED_INCLUDE_IN_FRAMEWORK_HEADER = YES;
				CLANG_WARN_RANGE_LOOP_ANALYSIS = YES;
				CLANG_WARN_STRICT_PROTOTYPES = YES;
				CLANG_WARN_SUSPICIOUS_MOVE = YES;
				CLANG_WARN_UNGUARDED_AVAILABILITY = YES_AGGRESSIVE;
				CLANG_WARN_UNREACHABLE_CODE = YES;
				CLANG_WARN__DUPLICATE_METHOD_MATCH = YES;
				COPY_PHASE_STRIP = NO;
				DEBUG_INFORMATION_FORMAT = dwarf;
				ENABLE_STRICT_OBJC_MSGSEND = YES;
				ENABLE_TESTABILITY = YES;
				GCC_C_LANGUAGE_STANDARD = gnu11;
				GCC_DYNAMIC_NO_PIC = NO;
				GCC_NO_COMMON_BLOCKS = YES;
				GCC_OPTIMIZATION_LEVEL = 0;
				GCC_PREPROCESSOR_DEFINITIONS = (
					"DEBUG=1",
					"$(inherited)",
				);
				GCC_WARN_64_TO_32_BIT_CONVERSION = YES;
				GCC_WARN_ABOUT_RETURN_TYPE = YES_ERROR;
				GCC_WARN_UNDECLARED_SELECTOR = YES;
				GCC_WARN_UNINITIALIZED_AUTOS = YES_AGGRESSIVE;
				GCC_WARN_UNUSED_FUNCTION = YES;
				GCC_WARN_UNUSED_VARIABLE = YES;
				IPHONEOS_DEPLOYMENT_TARGET = 14.5;
				MTL_ENABLE_DEBUG_INFO = INCLUDE_SOURCE;
				MTL_FAST_MATH = YES;
				ONLY_ACTIVE_ARCH = YES;
				SDKROOT = iphoneos;
				SWIFT_ACTIVE_COMPILATION_CONDITIONS = DEBUG;
				SWIFT_OPTIMIZATION_LEVEL = "-Onone";
			};
			name = Debug;
		};
		FA7F474426C66AA700D0879C /* Release */ = {
			isa = XCBuildConfiguration;
			buildSettings = {
				ALWAYS_SEARCH_USER_PATHS = NO;
				CLANG_ANALYZER_NONNULL = YES;
				CLANG_ANALYZER_NUMBER_OBJECT_CONVERSION = YES_AGGRESSIVE;
				CLANG_CXX_LANGUAGE_STANDARD = "gnu++14";
				CLANG_CXX_LIBRARY = "libc++";
				CLANG_ENABLE_MODULES = YES;
				CLANG_ENABLE_OBJC_ARC = YES;
				CLANG_ENABLE_OBJC_WEAK = YES;
				CLANG_WARN_BLOCK_CAPTURE_AUTORELEASING = YES;
				CLANG_WARN_BOOL_CONVERSION = YES;
				CLANG_WARN_COMMA = YES;
				CLANG_WARN_CONSTANT_CONVERSION = YES;
				CLANG_WARN_DEPRECATED_OBJC_IMPLEMENTATIONS = YES;
				CLANG_WARN_DIRECT_OBJC_ISA_USAGE = YES_ERROR;
				CLANG_WARN_DOCUMENTATION_COMMENTS = YES;
				CLANG_WARN_EMPTY_BODY = YES;
				CLANG_WARN_ENUM_CONVERSION = YES;
				CLANG_WARN_INFINITE_RECURSION = YES;
				CLANG_WARN_INT_CONVERSION = YES;
				CLANG_WARN_NON_LITERAL_NULL_CONVERSION = YES;
				CLANG_WARN_OBJC_IMPLICIT_RETAIN_SELF = YES;
				CLANG_WARN_OBJC_LITERAL_CONVERSION = YES;
				CLANG_WARN_OBJC_ROOT_CLASS = YES_ERROR;
				CLANG_WARN_QUOTED_INCLUDE_IN_FRAMEWORK_HEADER = YES;
				CLANG_WARN_RANGE_LOOP_ANALYSIS = YES;
				CLANG_WARN_STRICT_PROTOTYPES = YES;
				CLANG_WARN_SUSPICIOUS_MOVE = YES;
				CLANG_WARN_UNGUARDED_AVAILABILITY = YES_AGGRESSIVE;
				CLANG_WARN_UNREACHABLE_CODE = YES;
				CLANG_WARN__DUPLICATE_METHOD_MATCH = YES;
				COPY_PHASE_STRIP = NO;
				DEBUG_INFORMATION_FORMAT = "dwarf-with-dsym";
				ENABLE_NS_ASSERTIONS = NO;
				ENABLE_STRICT_OBJC_MSGSEND = YES;
				GCC_C_LANGUAGE_STANDARD = gnu11;
				GCC_NO_COMMON_BLOCKS = YES;
				GCC_WARN_64_TO_32_BIT_CONVERSION = YES;
				GCC_WARN_ABOUT_RETURN_TYPE = YES_ERROR;
				GCC_WARN_UNDECLARED_SELECTOR = YES;
				GCC_WARN_UNINITIALIZED_AUTOS = YES_AGGRESSIVE;
				GCC_WARN_UNUSED_FUNCTION = YES;
				GCC_WARN_UNUSED_VARIABLE = YES;
				IPHONEOS_DEPLOYMENT_TARGET = 14.5;
				MTL_ENABLE_DEBUG_INFO = NO;
				MTL_FAST_MATH = YES;
				SDKROOT = iphoneos;
				SWIFT_COMPILATION_MODE = wholemodule;
				SWIFT_OPTIMIZATION_LEVEL = "-O";
				VALIDATE_PRODUCT = YES;
			};
			name = Release;
		};
		FA7F474626C66AA700D0879C /* Debug */ = {
			isa = XCBuildConfiguration;
			buildSettings = {
				ASSETCATALOG_COMPILER_APPICON_NAME = AppIcon;
				ASSETCATALOG_COMPILER_GLOBAL_ACCENT_COLOR_NAME = AccentColor;
				CODE_SIGN_STYLE = Automatic;
				DEVELOPMENT_TEAM = 6TKT435P79;
				INFOPLIST_FILE = "BMI Calculator/Info.plist";
				LD_RUNPATH_SEARCH_PATHS = (
					"$(inherited)",
					"@executable_path/Frameworks",
				);
				PRODUCT_BUNDLE_IDENTIFIER = "com.alexcannizzo.BMI-Calculator";
				PRODUCT_NAME = "$(TARGET_NAME)";
				SWIFT_VERSION = 5.0;
				TARGETED_DEVICE_FAMILY = "1,2";
			};
			name = Debug;
		};
		FA7F474726C66AA700D0879C /* Release */ = {
			isa = XCBuildConfiguration;
			buildSettings = {
				ASSETCATALOG_COMPILER_APPICON_NAME = AppIcon;
				ASSETCATALOG_COMPILER_GLOBAL_ACCENT_COLOR_NAME = AccentColor;
				CODE_SIGN_STYLE = Automatic;
				DEVELOPMENT_TEAM = 6TKT435P79;
				INFOPLIST_FILE = "BMI Calculator/Info.plist";
				LD_RUNPATH_SEARCH_PATHS = (
					"$(inherited)",
					"@executable_path/Frameworks",
				);
				PRODUCT_BUNDLE_IDENTIFIER = "com.alexcannizzo.BMI-Calculator";
				PRODUCT_NAME = "$(TARGET_NAME)";
				SWIFT_VERSION = 5.0;
				TARGETED_DEVICE_FAMILY = "1,2";
			};
			name = Release;
		};
/* End XCBuildConfiguration section */

/* Begin XCConfigurationList section */
		FA7F472C26C66AA600D0879C /* Build configuration list for PBXProject "BMI Calculator" */ = {
			isa = XCConfigurationList;
			buildConfigurations = (
				FA7F474326C66AA700D0879C /* Debug */,
				FA7F474426C66AA700D0879C /* Release */,
			);
			defaultConfigurationIsVisible = 0;
			defaultConfigurationName = Release;
		};
		FA7F474526C66AA700D0879C /* Build configuration list for PBXNativeTarget "BMI Calculator" */ = {
			isa = XCConfigurationList;
			buildConfigurations = (
				FA7F474626C66AA700D0879C /* Debug */,
				FA7F474726C66AA700D0879C /* Release */,
			);
			defaultConfigurationIsVisible = 0;
			defaultConfigurationName = Release;
		};
/* End XCConfigurationList section */
	};
	rootObject = FA7F472926C66AA600D0879C /* Project object */;
}
